{
    "_readme": [
        "This file locks the dependencies of your project to a known state",
        "Read more about it at http://getcomposer.org/doc/01-basic-usage.md#composer-lock-the-lock-file",
        "This file is @generated automatically"
    ],
    "hash": "66db375dfd1e9aa442af662bc8bc6906",
    "packages": [
        {
            "name": "smarty/smarty",
            "version": "3.1.20",
            "source": {
                "type": "svn",
                "url": "http://smarty-php.googlecode.com/svn/",
                "reference": "tags/Smarty_3_1_20/distribution/"
            },
            "dist": {
                "type": "zip",
                "url": "http://www.smarty.net/files/Smarty-3.1.20.zip",
                "reference": null,
                "shasum": null
            },
            "type": "library",
            "autoload": {
                "classmap": [
                    "libs/"
                ]
            }
        }
    ],
    "packages-dev": [],
    "aliases": [],
    "minimum-stability": "stable",
    "stability-flags": [],
    "prefer-stable": false,
    "platform": [],
    "platform-dev": []
}
